
Microsoft Visual Studio Solution File, Format Version 12.00
# Visual Studio Version 17
VisualStudioVersion = 17.11.35327.3
MinimumVisualStudioVersion = 10.0.40219.1
Project("{2150E333-8FDC-42A3-9474-1A3956D46DE8}") = "Task0", "Task0", "{ECBC294D-804B-4966-8C81-7A842D5D4B98}"
EndProject
Project("{9A19103F-16F7-4668-BE54-9A1E7A4F7556}") = "Tyuiu.GridinAE.Sprint5.Task0.V7", "Tyuiu.GridinAE.Sprint5.Task0.V7\Tyuiu.GridinAE.Sprint5.Task0.V7.csproj", "{F7342F04-10F0-4E52-8F26-03F3814CC6F5}"
EndProject
Project("{9A19103F-16F7-4668-BE54-9A1E7A4F7556}") = "Tyuiu.GridinAE.Sprint5.Task0.V7.Lib", "Tyuiu.GridinAE.Sprint5.Task0.V7.Lib\Tyuiu.GridinAE.Sprint5.Task0.V7.Lib.csproj", "{4C00E5AD-6521-4E5B-9E92-344CE84B52C6}"
EndProject
Project("{9A19103F-16F7-4668-BE54-9A1E7A4F7556}") = "Tyuiu.GridinAE.Sprint5.Task0.V7.Test", "Tyuiu.GridinAE.Sprint5.Task0.V7.Test\Tyuiu.GridinAE.Sprint5.Task0.V7.Test.csproj", "{E6794EAF-27B9-48BC-8073-D2AB761E18DF}"
EndProject
Project("{2150E333-8FDC-42A3-9474-1A3956D46DE8}") = "Task1", "Task1", "{74E4439B-66C8-4F39-AFFE-194C9933D1AD}"
EndProject
Project("{9A19103F-16F7-4668-BE54-9A1E7A4F7556}") = "Tyuiu.GridinAE.Sprint5.Task1.V4", "Tyuiu.GridinAE.Sprint5.Task1.V4\Tyuiu.GridinAE.Sprint5.Task1.V4.csproj", "{DD2CBD74-18B6-4AAF-95A4-18184E34768E}"
EndProject
Project("{9A19103F-16F7-4668-BE54-9A1E7A4F7556}") = "Tyuiu.GridinAE.Sprint5.Task1.V4.Lib", "Tyuiu.GridinAE.Sprint5.Task1.V4.Lib\Tyuiu.GridinAE.Sprint5.Task1.V4.Lib.csproj", "{1BF6E466-31E8-4ABA-BADD-7F486C0E55A0}"
EndProject
Project("{9A19103F-16F7-4668-BE54-9A1E7A4F7556}") = "Tyuiu.GridinAE.Sprint5.Task1.V4.Test", "Tyuiu.GridinAE.Sprint5.Task1.V4.Test\Tyuiu.GridinAE.Sprint5.Task1.V4.Test.csproj", "{61D26B4E-2D8D-45F9-AA6D-81311D23F003}"
EndProject
Project("{2150E333-8FDC-42A3-9474-1A3956D46DE8}") = "Task2", "Task2", "{D2377B56-2D7D-41B5-9AB7-5813E58221F4}"
EndProject
Project("{9A19103F-16F7-4668-BE54-9A1E7A4F7556}") = "Tyuiu.GridinAE.Sprint5.Task2.V18", "Tyuiu.GridinAE.Sprint5.Task2.V18\Tyuiu.GridinAE.Sprint5.Task2.V18.csproj", "{FC793889-E6B0-4E65-B3B7-FD21A23955F2}"
EndProject
Project("{9A19103F-16F7-4668-BE54-9A1E7A4F7556}") = "Tyuiu.GridinAE.Sprint5.Task2.V18.Lib", "Tyuiu.GridinAE.Sprint5.Task2.V18.Lib\Tyuiu.GridinAE.Sprint5.Task2.V18.Lib.csproj", "{6A8A2440-9896-437B-ABA7-391EC830FEF1}"
EndProject
Project("{9A19103F-16F7-4668-BE54-9A1E7A4F7556}") = "Tyuiu.GridinAE.Sprint5.Task2.V18.Test", "Tyuiu.GridinAE.Sprint5.Task2.V18.Test\Tyuiu.GridinAE.Sprint5.Task2.V18.Test.csproj", "{BC09C7FB-5603-467F-AC1B-C12B743C3DE2}"
EndProject
Project("{2150E333-8FDC-42A3-9474-1A3956D46DE8}") = "Task3", "Task3", "{07A69F91-1C27-4E6C-B82A-B27DD2CAF5D9}"
EndProject
Project("{9A19103F-16F7-4668-BE54-9A1E7A4F7556}") = "Tyuiu.GridinAE.Sprint5.Task3.V12", "Tyuiu.GridinAE.Sprint5.Task3.V12\Tyuiu.GridinAE.Sprint5.Task3.V12.csproj", "{0A274A8D-78EE-474D-8B10-C4B9C6D9E00D}"
EndProject
Project("{9A19103F-16F7-4668-BE54-9A1E7A4F7556}") = "Tyuiu.GridinAE.Sprint5.Task3.V12.Lib", "Tyuiu.GridinAE.Sprint5.Task3.V12.Lib\Tyuiu.GridinAE.Sprint5.Task3.V12.Lib.csproj", "{C4FD3928-69AA-4AE1-A36A-3B6503B60BE0}"
EndProject
Project("{9A19103F-16F7-4668-BE54-9A1E7A4F7556}") = "Tyuiu.GridinAE.Sprint5.Task3.V12.Test", "Tyuiu.GridinAE.Sprint5.Task3.V12.Test\Tyuiu.GridinAE.Sprint5.Task3.V12.Test.csproj", "{128870FC-1E9C-4290-BD8A-653FD3919626}"
EndProject
Project("{2150E333-8FDC-42A3-9474-1A3956D46DE8}") = "Task4", "Task4", "{82D05997-ABED-44A5-916B-69A31E0B9E9B}"
EndProject
Project("{FAE04EC0-301F-11D3-BF4B-00C04F79EFBC}") = "Tyuiu.GridinAE.Sprint5.Task4.V12", "Tyuiu.GridinAE.Sprint5.Task4.V12\Tyuiu.GridinAE.Sprint5.Task4.V12.csproj", "{F7C5E34F-AF70-4584-9F62-0EF199A3B780}"
EndProject
Project("{FAE04EC0-301F-11D3-BF4B-00C04F79EFBC}") = "Tyuiu.GridinAE.Sprint5.Task4.V12.Lib", "Tyuiu.GridinAE.Sprint5.Task4.V12.Lib\Tyuiu.GridinAE.Sprint5.Task4.V12.Lib.csproj", "{8C9BDF55-EDB7-40FC-B271-2B85FA111CFA}"
EndProject
Project("{FAE04EC0-301F-11D3-BF4B-00C04F79EFBC}") = "Tyuiu.GridinAE.Sprint5.Task4.V12.Test", "Tyuiu.GridinAE.Sprint5.Task4.V12.Test\Tyuiu.GridinAE.Sprint5.Task4.V12.Test.csproj", "{71AE4FB9-2ECA-436A-A160-B40C354A26EE}"
EndProject
Global
	GlobalSection(SolutionConfigurationPlatforms) = preSolution
		Debug|Any CPU = Debug|Any CPU
		Release|Any CPU = Release|Any CPU
	EndGlobalSection
	GlobalSection(ProjectConfigurationPlatforms) = postSolution
		{F7342F04-10F0-4E52-8F26-03F3814CC6F5}.Debug|Any CPU.ActiveCfg = Debug|Any CPU
		{F7342F04-10F0-4E52-8F26-03F3814CC6F5}.Debug|Any CPU.Build.0 = Debug|Any CPU
		{F7342F04-10F0-4E52-8F26-03F3814CC6F5}.Release|Any CPU.ActiveCfg = Release|Any CPU
		{F7342F04-10F0-4E52-8F26-03F3814CC6F5}.Release|Any CPU.Build.0 = Release|Any CPU
		{4C00E5AD-6521-4E5B-9E92-344CE84B52C6}.Debug|Any CPU.ActiveCfg = Debug|Any CPU
		{4C00E5AD-6521-4E5B-9E92-344CE84B52C6}.Debug|Any CPU.Build.0 = Debug|Any CPU
		{4C00E5AD-6521-4E5B-9E92-344CE84B52C6}.Release|Any CPU.ActiveCfg = Release|Any CPU
		{4C00E5AD-6521-4E5B-9E92-344CE84B52C6}.Release|Any CPU.Build.0 = Release|Any CPU
		{E6794EAF-27B9-48BC-8073-D2AB761E18DF}.Debug|Any CPU.ActiveCfg = Debug|Any CPU
		{E6794EAF-27B9-48BC-8073-D2AB761E18DF}.Debug|Any CPU.Build.0 = Debug|Any CPU
		{E6794EAF-27B9-48BC-8073-D2AB761E18DF}.Release|Any CPU.ActiveCfg = Release|Any CPU
		{E6794EAF-27B9-48BC-8073-D2AB761E18DF}.Release|Any CPU.Build.0 = Release|Any CPU
		{DD2CBD74-18B6-4AAF-95A4-18184E34768E}.Debug|Any CPU.ActiveCfg = Debug|Any CPU
		{DD2CBD74-18B6-4AAF-95A4-18184E34768E}.Debug|Any CPU.Build.0 = Debug|Any CPU
		{DD2CBD74-18B6-4AAF-95A4-18184E34768E}.Release|Any CPU.ActiveCfg = Release|Any CPU
		{DD2CBD74-18B6-4AAF-95A4-18184E34768E}.Release|Any CPU.Build.0 = Release|Any CPU
		{1BF6E466-31E8-4ABA-BADD-7F486C0E55A0}.Debug|Any CPU.ActiveCfg = Debug|Any CPU
		{1BF6E466-31E8-4ABA-BADD-7F486C0E55A0}.Debug|Any CPU.Build.0 = Debug|Any CPU
		{1BF6E466-31E8-4ABA-BADD-7F486C0E55A0}.Release|Any CPU.ActiveCfg = Release|Any CPU
		{1BF6E466-31E8-4ABA-BADD-7F486C0E55A0}.Release|Any CPU.Build.0 = Release|Any CPU
		{61D26B4E-2D8D-45F9-AA6D-81311D23F003}.Debug|Any CPU.ActiveCfg = Debug|Any CPU
		{61D26B4E-2D8D-45F9-AA6D-81311D23F003}.Debug|Any CPU.Build.0 = Debug|Any CPU
		{61D26B4E-2D8D-45F9-AA6D-81311D23F003}.Release|Any CPU.ActiveCfg = Release|Any CPU
		{61D26B4E-2D8D-45F9-AA6D-81311D23F003}.Release|Any CPU.Build.0 = Release|Any CPU
		{FC793889-E6B0-4E65-B3B7-FD21A23955F2}.Debug|Any CPU.ActiveCfg = Debug|Any CPU
		{FC793889-E6B0-4E65-B3B7-FD21A23955F2}.Debug|Any CPU.Build.0 = Debug|Any CPU
		{FC793889-E6B0-4E65-B3B7-FD21A23955F2}.Release|Any CPU.ActiveCfg = Release|Any CPU
		{FC793889-E6B0-4E65-B3B7-FD21A23955F2}.Release|Any CPU.Build.0 = Release|Any CPU
		{6A8A2440-9896-437B-ABA7-391EC830FEF1}.Debug|Any CPU.ActiveCfg = Debug|Any CPU
		{6A8A2440-9896-437B-ABA7-391EC830FEF1}.Debug|Any CPU.Build.0 = Debug|Any CPU
		{6A8A2440-9896-437B-ABA7-391EC830FEF1}.Release|Any CPU.ActiveCfg = Release|Any CPU
		{6A8A2440-9896-437B-ABA7-391EC830FEF1}.Release|Any CPU.Build.0 = Release|Any CPU
		{BC09C7FB-5603-467F-AC1B-C12B743C3DE2}.Debug|Any CPU.ActiveCfg = Debug|Any CPU
		{BC09C7FB-5603-467F-AC1B-C12B743C3DE2}.Debug|Any CPU.Build.0 = Debug|Any CPU
		{BC09C7FB-5603-467F-AC1B-C12B743C3DE2}.Release|Any CPU.ActiveCfg = Release|Any CPU
		{BC09C7FB-5603-467F-AC1B-C12B743C3DE2}.Release|Any CPU.Build.0 = Release|Any CPU
		{0A274A8D-78EE-474D-8B10-C4B9C6D9E00D}.Debug|Any CPU.ActiveCfg = Debug|Any CPU
		{0A274A8D-78EE-474D-8B10-C4B9C6D9E00D}.Debug|Any CPU.Build.0 = Debug|Any CPU
		{0A274A8D-78EE-474D-8B10-C4B9C6D9E00D}.Release|Any CPU.ActiveCfg = Release|Any CPU
		{0A274A8D-78EE-474D-8B10-C4B9C6D9E00D}.Release|Any CPU.Build.0 = Release|Any CPU
		{C4FD3928-69AA-4AE1-A36A-3B6503B60BE0}.Debug|Any CPU.ActiveCfg = Debug|Any CPU
		{C4FD3928-69AA-4AE1-A36A-3B6503B60BE0}.Debug|Any CPU.Build.0 = Debug|Any CPU
		{C4FD3928-69AA-4AE1-A36A-3B6503B60BE0}.Release|Any CPU.ActiveCfg = Release|Any CPU
		{C4FD3928-69AA-4AE1-A36A-3B6503B60BE0}.Release|Any CPU.Build.0 = Release|Any CPU
		{128870FC-1E9C-4290-BD8A-653FD3919626}.Debug|Any CPU.ActiveCfg = Debug|Any CPU
		{128870FC-1E9C-4290-BD8A-653FD3919626}.Debug|Any CPU.Build.0 = Debug|Any CPU
		{128870FC-1E9C-4290-BD8A-653FD3919626}.Release|Any CPU.ActiveCfg = Release|Any CPU
		{128870FC-1E9C-4290-BD8A-653FD3919626}.Release|Any CPU.Build.0 = Release|Any CPU
		{F7C5E34F-AF70-4584-9F62-0EF199A3B780}.Debug|Any CPU.ActiveCfg = Debug|Any CPU
		{F7C5E34F-AF70-4584-9F62-0EF199A3B780}.Debug|Any CPU.Build.0 = Debug|Any CPU
		{F7C5E34F-AF70-4584-9F62-0EF199A3B780}.Release|Any CPU.ActiveCfg = Release|Any CPU
		{F7C5E34F-AF70-4584-9F62-0EF199A3B780}.Release|Any CPU.Build.0 = Release|Any CPU
		{8C9BDF55-EDB7-40FC-B271-2B85FA111CFA}.Debug|Any CPU.ActiveCfg = Debug|Any CPU
		{8C9BDF55-EDB7-40FC-B271-2B85FA111CFA}.Debug|Any CPU.Build.0 = Debug|Any CPU
		{8C9BDF55-EDB7-40FC-B271-2B85FA111CFA}.Release|Any CPU.ActiveCfg = Release|Any CPU
		{8C9BDF55-EDB7-40FC-B271-2B85FA111CFA}.Release|Any CPU.Build.0 = Release|Any CPU
		{71AE4FB9-2ECA-436A-A160-B40C354A26EE}.Debug|Any CPU.ActiveCfg = Debug|Any CPU
		{71AE4FB9-2ECA-436A-A160-B40C354A26EE}.Debug|Any CPU.Build.0 = Debug|Any CPU
		{71AE4FB9-2ECA-436A-A160-B40C354A26EE}.Release|Any CPU.ActiveCfg = Release|Any CPU
		{71AE4FB9-2ECA-436A-A160-B40C354A26EE}.Release|Any CPU.Build.0 = Release|Any CPU
	EndGlobalSection
	GlobalSection(SolutionProperties) = preSolution
		HideSolutionNode = FALSE
	EndGlobalSection
	GlobalSection(NestedProjects) = preSolution
		{F7342F04-10F0-4E52-8F26-03F3814CC6F5} = {ECBC294D-804B-4966-8C81-7A842D5D4B98}
		{4C00E5AD-6521-4E5B-9E92-344CE84B52C6} = {ECBC294D-804B-4966-8C81-7A842D5D4B98}
		{E6794EAF-27B9-48BC-8073-D2AB761E18DF} = {ECBC294D-804B-4966-8C81-7A842D5D4B98}
		{DD2CBD74-18B6-4AAF-95A4-18184E34768E} = {74E4439B-66C8-4F39-AFFE-194C9933D1AD}
		{1BF6E466-31E8-4ABA-BADD-7F486C0E55A0} = {74E4439B-66C8-4F39-AFFE-194C9933D1AD}
		{61D26B4E-2D8D-45F9-AA6D-81311D23F003} = {74E4439B-66C8-4F39-AFFE-194C9933D1AD}
		{FC793889-E6B0-4E65-B3B7-FD21A23955F2} = {D2377B56-2D7D-41B5-9AB7-5813E58221F4}
		{6A8A2440-9896-437B-ABA7-391EC830FEF1} = {D2377B56-2D7D-41B5-9AB7-5813E58221F4}
		{BC09C7FB-5603-467F-AC1B-C12B743C3DE2} = {D2377B56-2D7D-41B5-9AB7-5813E58221F4}
		{0A274A8D-78EE-474D-8B10-C4B9C6D9E00D} = {07A69F91-1C27-4E6C-B82A-B27DD2CAF5D9}
		{C4FD3928-69AA-4AE1-A36A-3B6503B60BE0} = {07A69F91-1C27-4E6C-B82A-B27DD2CAF5D9}
		{128870FC-1E9C-4290-BD8A-653FD3919626} = {07A69F91-1C27-4E6C-B82A-B27DD2CAF5D9}
		{F7C5E34F-AF70-4584-9F62-0EF199A3B780} = {82D05997-ABED-44A5-916B-69A31E0B9E9B}
		{8C9BDF55-EDB7-40FC-B271-2B85FA111CFA} = {82D05997-ABED-44A5-916B-69A31E0B9E9B}
		{71AE4FB9-2ECA-436A-A160-B40C354A26EE} = {82D05997-ABED-44A5-916B-69A31E0B9E9B}
	EndGlobalSection
	GlobalSection(ExtensibilityGlobals) = postSolution
		SolutionGuid = {F485CB37-2A51-495B-8765-B45CCA7C1869}
	EndGlobalSection
EndGlobal
